
Microsoft Visual Studio Solution File, Format Version 12.00
# Visual Studio Version 16
VisualStudioVersion = 16.0.30406.217
MinimumVisualStudioVersion = 10.0.40219.1
Project("{FAE04EC0-301F-11D3-BF4B-00C04F79EFBC}") = "Vidly", "Vidly\Vidly.csproj", "{B27DC2D7-2070-4A53-9D7B-1563D29CCCEE}"
EndProject
Global
	GlobalSection(SolutionConfigurationPlatforms) = preSolution
		Debug|Any CPU = Debug|Any CPU
		Release|Any CPU = Release|Any CPU
	EndGlobalSection
	GlobalSection(ProjectConfigurationPlatforms) = postSolution
		{B27DC2D7-2070-4A53-9D7B-1563D29CCCEE}.Debug|Any CPU.ActiveCfg = Debug|Any CPU
		{B27DC2D7-2070-4A53-9D7B-1563D29CCCEE}.Debug|Any CPU.Build.0 = Debug|Any CPU
		{B27DC2D7-2070-4A53-9D7B-1563D29CCCEE}.Release|Any CPU.ActiveCfg = Release|Any CPU
		{B27DC2D7-2070-4A53-9D7B-1563D29CCCEE}.Release|Any CPU.Build.0 = Release|Any CPU
	EndGlobalSection
	GlobalSection(SolutionProperties) = preSolution
		HideSolutionNode = FALSE
	EndGlobalSection
	GlobalSection(ExtensibilityGlobals) = postSolution
		SolutionGuid = {7DDADA7D-12A7-413A-9547-EC1CACA1FC0D}
	EndGlobalSection
EndGlobal
